
Microsoft Visual Studio Solution File, Format Version 12.00
# Visual Studio Version 17
VisualStudioVersion = 17.6.33801.468
MinimumVisualStudioVersion = 10.0.40219.1
Project("{8BC9CEB8-8B4A-11D0-8D11-00A0C91BC942}") = "3.X Q2", "3.X Q2.vcxproj", "{430102C6-E8BC-48A3-82BF-8737A5DAC81F}"
EndProject
Global
	GlobalSection(SolutionConfigurationPlatforms) = preSolution
		Debug|x64 = Debug|x64
		Debug|x86 = Debug|x86
		Release|x64 = Release|x64
		Release|x86 = Release|x86
	EndGlobalSection
	GlobalSection(ProjectConfigurationPlatforms) = postSolution
		{430102C6-E8BC-48A3-82BF-8737A5DAC81F}.Debug|x64.ActiveCfg = Debug|x64
		{430102C6-E8BC-48A3-82BF-8737A5DAC81F}.Debug|x64.Build.0 = Debug|x64
		{430102C6-E8BC-48A3-82BF-8737A5DAC81F}.Debug|x86.ActiveCfg = Debug|Win32
		{430102C6-E8BC-48A3-82BF-8737A5DAC81F}.Debug|x86.Build.0 = Debug|Win32
		{430102C6-E8BC-48A3-82BF-8737A5DAC81F}.Release|x64.ActiveCfg = Release|x64
		{430102C6-E8BC-48A3-82BF-8737A5DAC81F}.Release|x64.Build.0 = Release|x64
		{430102C6-E8BC-48A3-82BF-8737A5DAC81F}.Release|x86.ActiveCfg = Release|Win32
		{430102C6-E8BC-48A3-82BF-8737A5DAC81F}.Release|x86.Build.0 = Release|Win32
	EndGlobalSection
	GlobalSection(SolutionProperties) = preSolution
		HideSolutionNode = FALSE
	EndGlobalSection
	GlobalSection(ExtensibilityGlobals) = postSolution
		SolutionGuid = {D8C7BEC1-FEC8-4E01-9E96-D3A31D1F170B}
	EndGlobalSection
EndGlobal
