
Microsoft Visual Studio Solution File, Format Version 12.00
# Visual Studio Version 17
VisualStudioVersion = 17.6.33801.468
MinimumVisualStudioVersion = 10.0.40219.1
Project("{8BC9CEB8-8B4A-11D0-8D11-00A0C91BC942}") = "5.8 Constexpr and consteval functions", "5.8 Constexpr and consteval functions.vcxproj", "{13CF2E50-4AAF-411B-8537-774BB0552432}"
EndProject
Global
	GlobalSection(SolutionConfigurationPlatforms) = preSolution
		Debug|x64 = Debug|x64
		Debug|x86 = Debug|x86
		Release|x64 = Release|x64
		Release|x86 = Release|x86
	EndGlobalSection
	GlobalSection(ProjectConfigurationPlatforms) = postSolution
		{13CF2E50-4AAF-411B-8537-774BB0552432}.Debug|x64.ActiveCfg = Debug|x64
		{13CF2E50-4AAF-411B-8537-774BB0552432}.Debug|x64.Build.0 = Debug|x64
		{13CF2E50-4AAF-411B-8537-774BB0552432}.Debug|x86.ActiveCfg = Debug|Win32
		{13CF2E50-4AAF-411B-8537-774BB0552432}.Debug|x86.Build.0 = Debug|Win32
		{13CF2E50-4AAF-411B-8537-774BB0552432}.Release|x64.ActiveCfg = Release|x64
		{13CF2E50-4AAF-411B-8537-774BB0552432}.Release|x64.Build.0 = Release|x64
		{13CF2E50-4AAF-411B-8537-774BB0552432}.Release|x86.ActiveCfg = Release|Win32
		{13CF2E50-4AAF-411B-8537-774BB0552432}.Release|x86.Build.0 = Release|Win32
	EndGlobalSection
	GlobalSection(SolutionProperties) = preSolution
		HideSolutionNode = FALSE
	EndGlobalSection
	GlobalSection(ExtensibilityGlobals) = postSolution
		SolutionGuid = {43BBFD71-4985-4622-8ECB-CB2184AA808C}
	EndGlobalSection
EndGlobal
